
Microsoft Visual Studio Solution File, Format Version 12.00
# Visual Studio Version 17
VisualStudioVersion = 17.3.32825.248
MinimumVisualStudioVersion = 10.0.40219.1
Project("{9A19103F-16F7-4668-BE54-9A1E7A4F7556}") = "BusinnessLayer", "BusinnessLayer\BusinnessLayer.csproj", "{1637259D-48FF-4759-B8BC-122BF3AF0BD1}"
EndProject
Project("{9A19103F-16F7-4668-BE54-9A1E7A4F7556}") = "Entities", "Entities\Entities.csproj", "{9C0AA15B-4608-4E79-880A-408232124827}"
EndProject
Project("{9A19103F-16F7-4668-BE54-9A1E7A4F7556}") = "DataAccessLayer", "DataAccessLayer\DataAccessLayer.csproj", "{050105DF-76AB-4784-9972-19583B481270}"
EndProject
Project("{9A19103F-16F7-4668-BE54-9A1E7A4F7556}") = "ConsoleUI", "ConsoleUI\ConsoleUI.csproj", "{18B93A44-A77E-40B3-8C32-BCFD6EC4F732}"
EndProject
Project("{9A19103F-16F7-4668-BE54-9A1E7A4F7556}") = "Core", "Core\Core.csproj", "{2B35EDD2-813E-4636-ABC9-5615560C03C1}"
EndProject
Project("{FAE04EC0-301F-11D3-BF4B-00C04F79EFBC}") = "WebAPI", "WebAPI\WebAPI.csproj", "{C66D97AC-A158-450A-9E22-A6BC44AE3B09}"
EndProject
Global
	GlobalSection(SolutionConfigurationPlatforms) = preSolution
		Debug|Any CPU = Debug|Any CPU
		Release|Any CPU = Release|Any CPU
	EndGlobalSection
	GlobalSection(ProjectConfigurationPlatforms) = postSolution
		{1637259D-48FF-4759-B8BC-122BF3AF0BD1}.Debug|Any CPU.ActiveCfg = Debug|Any CPU
		{1637259D-48FF-4759-B8BC-122BF3AF0BD1}.Debug|Any CPU.Build.0 = Debug|Any CPU
		{1637259D-48FF-4759-B8BC-122BF3AF0BD1}.Release|Any CPU.ActiveCfg = Release|Any CPU
		{1637259D-48FF-4759-B8BC-122BF3AF0BD1}.Release|Any CPU.Build.0 = Release|Any CPU
		{9C0AA15B-4608-4E79-880A-408232124827}.Debug|Any CPU.ActiveCfg = Debug|Any CPU
		{9C0AA15B-4608-4E79-880A-408232124827}.Debug|Any CPU.Build.0 = Debug|Any CPU
		{9C0AA15B-4608-4E79-880A-408232124827}.Release|Any CPU.ActiveCfg = Release|Any CPU
		{9C0AA15B-4608-4E79-880A-408232124827}.Release|Any CPU.Build.0 = Release|Any CPU
		{050105DF-76AB-4784-9972-19583B481270}.Debug|Any CPU.ActiveCfg = Debug|Any CPU
		{050105DF-76AB-4784-9972-19583B481270}.Debug|Any CPU.Build.0 = Debug|Any CPU
		{050105DF-76AB-4784-9972-19583B481270}.Release|Any CPU.ActiveCfg = Release|Any CPU
		{050105DF-76AB-4784-9972-19583B481270}.Release|Any CPU.Build.0 = Release|Any CPU
		{18B93A44-A77E-40B3-8C32-BCFD6EC4F732}.Debug|Any CPU.ActiveCfg = Debug|Any CPU
		{18B93A44-A77E-40B3-8C32-BCFD6EC4F732}.Debug|Any CPU.Build.0 = Debug|Any CPU
		{18B93A44-A77E-40B3-8C32-BCFD6EC4F732}.Release|Any CPU.ActiveCfg = Release|Any CPU
		{18B93A44-A77E-40B3-8C32-BCFD6EC4F732}.Release|Any CPU.Build.0 = Release|Any CPU
		{2B35EDD2-813E-4636-ABC9-5615560C03C1}.Debug|Any CPU.ActiveCfg = Debug|Any CPU
		{2B35EDD2-813E-4636-ABC9-5615560C03C1}.Debug|Any CPU.Build.0 = Debug|Any CPU
		{2B35EDD2-813E-4636-ABC9-5615560C03C1}.Release|Any CPU.ActiveCfg = Release|Any CPU
		{2B35EDD2-813E-4636-ABC9-5615560C03C1}.Release|Any CPU.Build.0 = Release|Any CPU
		{C66D97AC-A158-450A-9E22-A6BC44AE3B09}.Debug|Any CPU.ActiveCfg = Debug|Any CPU
		{C66D97AC-A158-450A-9E22-A6BC44AE3B09}.Debug|Any CPU.Build.0 = Debug|Any CPU
		{C66D97AC-A158-450A-9E22-A6BC44AE3B09}.Release|Any CPU.ActiveCfg = Release|Any CPU
		{C66D97AC-A158-450A-9E22-A6BC44AE3B09}.Release|Any CPU.Build.0 = Release|Any CPU
	EndGlobalSection
	GlobalSection(SolutionProperties) = preSolution
		HideSolutionNode = FALSE
	EndGlobalSection
	GlobalSection(ExtensibilityGlobals) = postSolution
		SolutionGuid = {7AC87ACC-A520-4EC4-A6ED-1569A171D539}
	EndGlobalSection
EndGlobal
